
Microsoft Visual Studio Solution File, Format Version 12.00
# Visual Studio Version 16
VisualStudioVersion = 16.0.30114.105
MinimumVisualStudioVersion = 10.0.40219.1
Project("{FAE04EC0-301F-11D3-BF4B-00C04F79EFBC}") = "MoqKata.Main", "MoqKata.Main\MoqKata.Main.csproj", "{9FC3A64C-0122-44C4-8BA1-FD926C881DE9}"
EndProject
Project("{FAE04EC0-301F-11D3-BF4B-00C04F79EFBC}") = "MoqKata.Tests", "MoqKata.Tests\MoqKata.Tests.csproj", "{647E7854-BA7D-4186-A791-5984211BFD4E}"
EndProject
Global
	GlobalSection(SolutionConfigurationPlatforms) = preSolution
		Debug|Any CPU = Debug|Any CPU
		Release|Any CPU = Release|Any CPU
	EndGlobalSection
	GlobalSection(SolutionProperties) = preSolution
		HideSolutionNode = FALSE
	EndGlobalSection
	GlobalSection(ProjectConfigurationPlatforms) = postSolution
		{9FC3A64C-0122-44C4-8BA1-FD926C881DE9}.Debug|Any CPU.ActiveCfg = Debug|Any CPU
		{9FC3A64C-0122-44C4-8BA1-FD926C881DE9}.Debug|Any CPU.Build.0 = Debug|Any CPU
		{9FC3A64C-0122-44C4-8BA1-FD926C881DE9}.Release|Any CPU.ActiveCfg = Release|Any CPU
		{9FC3A64C-0122-44C4-8BA1-FD926C881DE9}.Release|Any CPU.Build.0 = Release|Any CPU
		{647E7854-BA7D-4186-A791-5984211BFD4E}.Debug|Any CPU.ActiveCfg = Debug|Any CPU
		{647E7854-BA7D-4186-A791-5984211BFD4E}.Debug|Any CPU.Build.0 = Debug|Any CPU
		{647E7854-BA7D-4186-A791-5984211BFD4E}.Release|Any CPU.ActiveCfg = Release|Any CPU
		{647E7854-BA7D-4186-A791-5984211BFD4E}.Release|Any CPU.Build.0 = Release|Any CPU
	EndGlobalSection
EndGlobal
